{
  "nodes": {
    "flake-parts": {
      "inputs": {
        "nixpkgs-lib": [
          "nixvim",
          "nixpkgs"
        ]
      },
      "locked": {
        "lastModified": 1785627969,
        "narHash": "sha256-4dtXQk/NMePegK/nWp5NSeuZKLATItOq61lpEvmXqGw=",
        "owner": "hercules-ci",
        "repo": "flake-parts",
        "rev": "427bf4bd9435fdf21321c8cc628c24efc14c0f7a",
        "type": "github"
      },
      "original": {
        "owner": "hercules-ci",
        "repo": "flake-parts",
        "type": "github"
      }
    },
    "flake-parts_2": {
      "inputs": {
        "nixpkgs-lib": [
          "nixvim_config",
          "nixvim",
          "nixpkgs"
        ]
      },
      "locked": {
        "lastModified": 1785627969,
        "narHash": "sha256-4dtXQk/NMePegK/nWp5NSeuZKLATItOq61lpEvmXqGw=",
        "owner": "hercules-ci",
        "repo": "flake-parts",
        "rev": "427bf4bd9435fdf21321c8cc628c24efc14c0f7a",
        "type": "github"
      },
      "original": {
        "owner": "hercules-ci",
        "repo": "flake-parts",
        "type": "github"
      }
    },
    "flake-parts_3": {
      "inputs": {
        "nixpkgs-lib": [
          "nixvim_config",
          "storyteller",
          "nixvim_config",
          "nixvim",
          "nixpkgs"
        ]
      },
      "locked": {
        "lastModified": 1785627969,
        "narHash": "sha256-4dtXQk/NMePegK/nWp5NSeuZKLATItOq61lpEvmXqGw=",
        "owner": "hercules-ci",
        "repo": "flake-parts",
        "rev": "427bf4bd9435fdf21321c8cc628c24efc14c0f7a",
        "type": "github"
      },
      "original": {
        "owner": "hercules-ci",
        "repo": "flake-parts",
        "type": "github"
      }
    },
    "flake-parts_4": {
      "inputs": {
        "nixpkgs-lib": [
          "nixvim_config",
          "storyteller",
          "nixvim_config",
          "storyteller",
          "nixvim_config",
          "nixvim",
          "nixpkgs"
        ]
      },
      "locked": {
        "lastModified": 1785627969,
        "narHash": "sha256-4dtXQk/NMePegK/nWp5NSeuZKLATItOq61lpEvmXqGw=",
        "owner": "hercules-ci",
        "repo": "flake-parts",
        "rev": "427bf4bd9435fdf21321c8cc628c24efc14c0f7a",
        "type": "github"
      },
      "original": {
        "owner": "hercules-ci",
        "repo": "flake-parts",
        "type": "github"
      }
    },
    "nixpkgs": {
      "locked": {
        "lastModified": 1787135253,
        "narHash": "sha256-RD2kNWCG+Bjo6h+JVjWVNntZs2GtRoeY2xHjts/FNkA=",
        "owner": "nixos",
        "repo": "nixpkgs",
        "rev": "ffb3c9b700e759be2ef13237c9d8f953b32a1e46",
        "type": "github"
      },
      "original": {
        "owner": "nixos",
        "ref": "nixos-unstable",
        "repo": "nixpkgs",
        "type": "github"
      }
    },
    "nixvim": {
      "inputs": {
        "flake-parts": "flake-parts",
        "nixpkgs": [
          "nixpkgs"
        ],
        "systems": "systems"
      },
      "locked": {
        "lastModified": 1787270640,
        "narHash": "sha256-L3ZXW7MSCPsOZz5powJZZqzZLxuPLh9QXHp5shwzqb8=",
        "owner": "nix-community",
        "repo": "nixvim",
        "rev": "bd46166bd8308861cd36984a52ed5d25522d0ba8",
        "type": "github"
      },
      "original": {
        "owner": "nix-community",
        "repo": "nixvim",
        "type": "github"
      }
    },
    "nixvim_2": {
      "inputs": {
        "flake-parts": "flake-parts_2",
        "nixpkgs": [
          "nixvim_config",
          "nixpkgs"
        ],
        "systems": "systems_2"
      },
      "locked": {
        "lastModified": 1787062366,
        "narHash": "sha256-42RoRqxcuMB/MMLQU65StwyrPzdahxDXR3Sy58AzOMM=",
        "owner": "nix-community",
        "repo": "nixvim",
        "rev": "fe68d88884ac91ce1d17e955ac0ae486ff8bcdf0",
        "type": "github"
      },
      "original": {
        "owner": "nix-community",
        "repo": "nixvim",
        "type": "github"
      }
    },
    "nixvim_3": {
      "inputs": {
        "flake-parts": "flake-parts_3",
        "nixpkgs": [
          "nixvim_config",
          "storyteller",
          "nixvim_config",
          "nixpkgs"
        ],
        "systems": "systems_3"
      },
      "locked": {
        "lastModified": 1787062366,
        "narHash": "sha256-42RoRqxcuMB/MMLQU65StwyrPzdahxDXR3Sy58AzOMM=",
        "owner": "nix-community",
        "repo": "nixvim",
        "rev": "fe68d88884ac91ce1d17e955ac0ae486ff8bcdf0",
        "type": "github"
      },
      "original": {
        "owner": "nix-community",
        "repo": "nixvim",
        "type": "github"
      }
    },
    "nixvim_4": {
      "inputs": {
        "flake-parts": "flake-parts_4",
        "nixpkgs": [
          "nixvim_config",
          "storyteller",
          "nixvim_config",
          "storyteller",
          "nixvim_config",
          "nixpkgs"
        ],
        "systems": "systems_4"
      },
      "locked": {
        "lastModified": 1787062366,
        "narHash": "sha256-42RoRqxcuMB/MMLQU65StwyrPzdahxDXR3Sy58AzOMM=",
        "owner": "nix-community",
        "repo": "nixvim",
        "rev": "fe68d88884ac91ce1d17e955ac0ae486ff8bcdf0",
        "type": "github"
      },
      "original": {
        "owner": "nix-community",
        "repo": "nixvim",
        "type": "github"
      }
    },
    "nixvim_config": {
      "inputs": {
        "nixpkgs": [
          "nixpkgs"
        ],
        "nixvim": "nixvim_2",
        "storyteller": "storyteller",
        "systems": "systems_7"
      },
      "locked": {
        "lastModified": 1787226482,
        "narHash": "sha256-gm5HdGviOstXrxdTV66GgtwxHk1uXuIOXagCv5IWnWM=",
        "ref": "refs/heads/main",
        "rev": "7b586b6d59ab10ac466b62cebb4d4b3b7aca058d",
        "revCount": 164,
        "type": "git",
        "url": "file:///home/alejandro/nixvim_config"
      },
      "original": {
        "type": "git",
        "url": "file:///home/alejandro/nixvim_config"
      }
    },
    "nixvim_config_2": {
      "inputs": {
        "nixpkgs": [
          "nixvim_config",
          "storyteller",
          "nixpkgs"
        ],
        "nixvim": "nixvim_3",
        "storyteller": "storyteller_2",
        "systems": [
          "nixvim_config",
          "storyteller",
          "systems"
        ]
      },
      "locked": {
        "lastModified": 1787218329,
        "narHash": "sha256-tBSNxhr3Zr159fUcRD8Ukbh+I6dSRzrWjCX0OzTdAhA=",
        "owner": "AlejandroGomezFrieiro",
        "repo": "nixvim_config",
        "rev": "a02fdcf0f2a8bebabba3a35b15fbd160c2282a92",
        "type": "github"
      },
      "original": {
        "owner": "AlejandroGomezFrieiro",
        "repo": "nixvim_config",
        "type": "github"
      }
    },
    "nixvim_config_3": {
      "inputs": {
        "nixpkgs": [
          "nixvim_config",
          "storyteller",
          "nixvim_config",
          "storyteller",
          "nixpkgs"
        ],
        "nixvim": "nixvim_4",
        "storyteller": "storyteller_3",
        "systems": [
          "nixvim_config",
          "storyteller",
          "nixvim_config",
          "storyteller",
          "systems"
        ]
      },
      "locked": {
        "lastModified": 1787169567,
        "narHash": "sha256-FbA0WdeQjtbasb9DtNzL6IZjac7e9vKdJgiPVrziENE=",
        "owner": "AlejandroGomezFrieiro",
        "repo": "nixvim_config",
        "rev": "30a9e5caa75313daf42c1751f21cd55ae36f7cfe",
        "type": "github"
      },
      "original": {
        "owner": "AlejandroGomezFrieiro",
        "repo": "nixvim_config",
        "type": "github"
      }
    },
    "root": {
      "inputs": {
        "nixpkgs": "nixpkgs",
        "nixvim": "nixvim",
        "nixvim_config": "nixvim_config"
      }
    },
    "storyteller": {
      "inputs": {
        "nixpkgs": [
          "nixvim_config",
          "nixpkgs"
        ],
        "nixvim_config": "nixvim_config_2",
        "storyteller": "storyteller_4",
        "systems": "systems_6"
      },
      "locked": {
        "lastModified": 1787226383,
        "narHash": "sha256-e2rur+gsVvtN4DxsLNoIAx+NvQ2ClIlh/UIAKs9Wtzc=",
        "owner": "AlejandroGomezFrieiro",
        "repo": "storyteller.nvim",
        "rev": "fbd4ca07e6c40781100147fbb8b25df05b268043",
        "type": "github"
      },
      "original": {
        "owner": "AlejandroGomezFrieiro",
        "repo": "storyteller.nvim",
        "type": "github"
      }
    },
    "storyteller_2": {
      "inputs": {
        "nixpkgs": [
          "nixvim_config",
          "storyteller",
          "nixvim_config",
          "nixpkgs"
        ],
        "nixvim_config": "nixvim_config_3",
        "systems": "systems_5"
      },
      "locked": {
        "lastModified": 1787217907,
        "narHash": "sha256-BD+usCmBQgrpLm0bUkaNgzMRL97OIruiNA+Db+DbCdk=",
        "owner": "AlejandroGomezFrieiro",
        "repo": "storytelling.nvim",
        "rev": "f37088486acbc7cee26fea8a88998fbe4a9afa55",
        "type": "github"
      },
      "original": {
        "owner": "AlejandroGomezFrieiro",
        "repo": "storytelling.nvim",
        "type": "github"
      }
    },
    "storyteller_3": {
      "inputs": {
        "nixpkgs": [
          "nixvim_config",
          "storyteller",
          "nixvim_config",
          "storyteller",
          "nixvim_config",
          "nixpkgs"
        ]
      },
      "locked": {
        "lastModified": 1787169555,
        "narHash": "sha256-De2tzAdm5U7VLeQgPCkZ2sLZgexeWJUPzqb/j4xYMaU=",
        "owner": "AlejandroGomezFrieiro",
        "repo": "storytelling.nvim",
        "rev": "84dabb0e96dc863a31ceda04804f65b66d585007",
        "type": "github"
      },
      "original": {
        "owner": "AlejandroGomezFrieiro",
        "repo": "storytelling.nvim",
        "type": "github"
      }
    },
    "storyteller_4": {
      "inputs": {
        "nixpkgs": [
          "nixvim_config",
          "storyteller",
          "nixpkgs"
        ],
        "systems": [
          "nixvim_config",
          "storyteller",
          "systems"
        ]
      },
      "locked": {
        "lastModified": 1787225840,
        "narHash": "sha256-6FWWMJXWqKtMBHvfWheFJnbrdUtsb0jFga96dVWX4Sw=",
        "owner": "AlejandroGomezFrieiro",
        "repo": "storyteller",
        "rev": "526a7c78b42cb53ab38c712b6e5033dca35cdef7",
        "type": "github"
      },
      "original": {
        "owner": "AlejandroGomezFrieiro",
        "repo": "storyteller",
        "type": "github"
      }
    },
    "systems": {
      "flake": false,
      "locked": {
        "lastModified": 1774449309,
        "narHash": "sha256-brhZ8DmuGtzkCYHJg4HEd602amKm89Y9ytsFZ5uWD1w=",
        "owner": "nix-systems",
        "repo": "default",
        "rev": "c29398b59d2048c4ab79345812849c9bd15e9150",
        "type": "github"
      },
      "original": {
        "owner": "nix-systems",
        "ref": "future-26.11",
        "repo": "default",
        "type": "github"
      }
    },
    "systems_2": {
      "flake": false,
      "locked": {
        "lastModified": 1774449309,
        "narHash": "sha256-brhZ8DmuGtzkCYHJg4HEd602amKm89Y9ytsFZ5uWD1w=",
        "owner": "nix-systems",
        "repo": "default",
        "rev": "c29398b59d2048c4ab79345812849c9bd15e9150",
        "type": "github"
      },
      "original": {
        "owner": "nix-systems",
        "ref": "future-26.11",
        "repo": "default",
        "type": "github"
      }
    },
    "systems_3": {
      "flake": false,
      "locked": {
        "lastModified": 1774449309,
        "narHash": "sha256-brhZ8DmuGtzkCYHJg4HEd602amKm89Y9ytsFZ5uWD1w=",
        "owner": "nix-systems",
        "repo": "default",
        "rev": "c29398b59d2048c4ab79345812849c9bd15e9150",
        "type": "github"
      },
      "original": {
        "owner": "nix-systems",
        "ref": "future-26.11",
        "repo": "default",
        "type": "github"
      }
    },
    "systems_4": {
      "flake": false,
      "locked": {
        "lastModified": 1774449309,
        "narHash": "sha256-brhZ8DmuGtzkCYHJg4HEd602amKm89Y9ytsFZ5uWD1w=",
        "owner": "nix-systems",
        "repo": "default",
        "rev": "c29398b59d2048c4ab79345812849c9bd15e9150",
        "type": "github"
      },
      "original": {
        "owner": "nix-systems",
        "ref": "future-26.11",
        "repo": "default",
        "type": "github"
      }
    },
    "systems_5": {
      "locked": {
        "lastModified": 1681028828,
        "narHash": "sha256-Vy1rq5AaRuLzOxct8nz4T6wlgyUR7zLU309k9mBC768=",
        "owner": "nix-systems",
        "repo": "default",
        "rev": "da67096a3b9bf56a91d16901293e51ba5b49a27e",
        "type": "github"
      },
      "original": {
        "owner": "nix-systems",
        "repo": "default",
        "type": "github"
      }
    },
    "systems_6": {
      "locked": {
        "lastModified": 1681028828,
        "narHash": "sha256-Vy1rq5AaRuLzOxct8nz4T6wlgyUR7zLU309k9mBC768=",
        "owner": "nix-systems",
        "repo": "default",
        "rev": "da67096a3b9bf56a91d16901293e51ba5b49a27e",
        "type": "github"
      },
      "original": {
        "owner": "nix-systems",
        "repo": "default",
        "type": "github"
      }
    },
    "systems_7": {
      "locked": {
        "lastModified": 1681028828,
        "narHash": "sha256-Vy1rq5AaRuLzOxct8nz4T6wlgyUR7zLU309k9mBC768=",
        "owner": "nix-systems",
        "repo": "default",
        "rev": "da67096a3b9bf56a91d16901293e51ba5b49a27e",
        "type": "github"
      },
      "original": {
        "id": "systems",
        "type": "indirect"
      }
    }
  },
  "root": "root",
  "version": 7
}
